
Microsoft Visual Studio Solution File, Format Version 12.00
# Visual Studio 15
VisualStudioVersion = 15.0.28307.106
MinimumVisualStudioVersion = 10.0.40219.1
Project("{FAE04EC0-301F-11D3-BF4B-00C04F79EFBC}") = "Client", "Client\Client.csproj", "{F0696095-AAD6-494E-86C3-4A1298BEE995}"
EndProject
Project("{FAE04EC0-301F-11D3-BF4B-00C04F79EFBC}") = "Server", "..\Server\Server\Server.csproj", "{04D93AA0-1CCA-40F3-8AD9-2E2478570BE5}"
EndProject
Project("{2150E333-8FDC-42A3-9474-1A3956D46DE8}") = "Solution Items", "Solution Items", "{7D8D9007-13E1-48D6-8FC9-A32ABD628609}"
	ProjectSection(SolutionItems) = preProject
		AES.cs = AES.cs
	EndProjectSection
EndProject
Global
	GlobalSection(SolutionConfigurationPlatforms) = preSolution
		Debug|Any CPU = Debug|Any CPU
		Release|Any CPU = Release|Any CPU
	EndGlobalSection
	GlobalSection(ProjectConfigurationPlatforms) = postSolution
		{F0696095-AAD6-494E-86C3-4A1298BEE995}.Debug|Any CPU.ActiveCfg = Debug|Any CPU
		{F0696095-AAD6-494E-86C3-4A1298BEE995}.Debug|Any CPU.Build.0 = Debug|Any CPU
		{F0696095-AAD6-494E-86C3-4A1298BEE995}.Release|Any CPU.ActiveCfg = Release|Any CPU
		{F0696095-AAD6-494E-86C3-4A1298BEE995}.Release|Any CPU.Build.0 = Release|Any CPU
		{04D93AA0-1CCA-40F3-8AD9-2E2478570BE5}.Debug|Any CPU.ActiveCfg = Debug|Any CPU
		{04D93AA0-1CCA-40F3-8AD9-2E2478570BE5}.Debug|Any CPU.Build.0 = Debug|Any CPU
		{04D93AA0-1CCA-40F3-8AD9-2E2478570BE5}.Release|Any CPU.ActiveCfg = Release|Any CPU
		{04D93AA0-1CCA-40F3-8AD9-2E2478570BE5}.Release|Any CPU.Build.0 = Release|Any CPU
	EndGlobalSection
	GlobalSection(SolutionProperties) = preSolution
		HideSolutionNode = FALSE
	EndGlobalSection
	GlobalSection(ExtensibilityGlobals) = postSolution
		SolutionGuid = {929FA40C-9A5E-4071-BEB7-9E93190FAF7D}
	EndGlobalSection
EndGlobal
